// !$*UTF8*$!
{
	archiveVersion = 1;
	classes = {
	};
	objectVersion = 46;
	objects = {

/* Begin PBXBuildFile section */
		4D020FB11DF3204F007E148A /* PokeCell.swift in Sources */ = {isa = PBXBuildFile; fileRef = 4D020FB01DF3204F007E148A /* PokeCell.swift */; };
		4D509FBE1DF47A8D0064B73B /* pokemon.ttf in Resources */ = {isa = PBXBuildFile; fileRef = 4D509FBD1DF47A8D0064B73B /* pokemon.ttf */; };
		4D57E5951DEBA80D004AA80F /* AppDelegate.swift in Sources */ = {isa = PBXBuildFile; fileRef = 4D57E5941DEBA80D004AA80F /* AppDelegate.swift */; };
		4D57E5971DEBA80D004AA80F /* ViewController.swift in Sources */ = {isa = PBXBuildFile; fileRef = 4D57E5961DEBA80D004AA80F /* ViewController.swift */; };
		4D57E59A1DEBA80D004AA80F /* Main.storyboard in Resources */ = {isa = PBXBuildFile; fileRef = 4D57E5981DEBA80D004AA80F /* Main.storyboard */; };
		4D57E59C1DEBA80D004AA80F /* Assets.xcassets in Resources */ = {isa = PBXBuildFile; fileRef = 4D57E59B1DEBA80D004AA80F /* Assets.xcassets */; };
		4D57E59F1DEBA80D004AA80F /* LaunchScreen.storyboard in Resources */ = {isa = PBXBuildFile; fileRef = 4D57E59D1DEBA80D004AA80F /* LaunchScreen.storyboard */; };
		4D9762231DF47C6600B185AB /* music.mp3 in Resources */ = {isa = PBXBuildFile; fileRef = 4D9762221DF47C6600B185AB /* music.mp3 */; };
		4D9762251DF47CB200B185AB /* music.png in Resources */ = {isa = PBXBuildFile; fileRef = 4D9762241DF47CB200B185AB /* music.png */; };
		4D994E5F1DECDB010097D96C /* pokemon.csv in Resources */ = {isa = PBXBuildFile; fileRef = 4D994E5E1DECDB010097D96C /* pokemon.csv */; };
		4D994E611DECDC510097D96C /* Pokemom.swift in Sources */ = {isa = PBXBuildFile; fileRef = 4D994E601DECDC510097D96C /* Pokemom.swift */; };
		4DEC31FA1DF4834A00055C17 /* pokemon.mp3 in Resources */ = {isa = PBXBuildFile; fileRef = 4DEC31F91DF4834A00055C17 /* pokemon.mp3 */; };
		4DEC31FC1DF4906900055C17 /* PokemonDetailVC.swift in Sources */ = {isa = PBXBuildFile; fileRef = 4DEC31FB1DF4906900055C17 /* PokemonDetailVC.swift */; };
		4DFC62FB1DF4709200C9B6ED /* csv.swift in Sources */ = {isa = PBXBuildFile; fileRef = 4DFC62FA1DF4709200C9B6ED /* csv.swift */; };
/* End PBXBuildFile section */

/* Begin PBXFileReference section */
		4D020FB01DF3204F007E148A /* PokeCell.swift */ = {isa = PBXFileReference; fileEncoding = 4; lastKnownFileType = sourcecode.swift; path = PokeCell.swift; sourceTree = "<group>"; };
		4D509FBD1DF47A8D0064B73B /* pokemon.ttf */ = {isa = PBXFileReference; lastKnownFileType = file; path = pokemon.ttf; sourceTree = "<group>"; };
		4D57E5911DEBA80D004AA80F /* Pokedex3.app */ = {isa = PBXFileReference; explicitFileType = wrapper.application; includeInIndex = 0; path = Pokedex3.app; sourceTree = BUILT_PRODUCTS_DIR; };
		4D57E5941DEBA80D004AA80F /* AppDelegate.swift */ = {isa = PBXFileReference; lastKnownFileType = sourcecode.swift; path = AppDelegate.swift; sourceTree = "<group>"; };
		4D57E5961DEBA80D004AA80F /* ViewController.swift */ = {isa = PBXFileReference; lastKnownFileType = sourcecode.swift; path = ViewController.swift; sourceTree = "<group>"; };
		4D57E5991DEBA80D004AA80F /* Base */ = {isa = PBXFileReference; lastKnownFileType = file.storyboard; name = Base; path = Base.lproj/Main.storyboard; sourceTree = "<group>"; };
		4D57E59B1DEBA80D004AA80F /* Assets.xcassets */ = {isa = PBXFileReference; lastKnownFileType = folder.assetcatalog; path = Assets.xcassets; sourceTree = "<group>"; };
		4D57E59E1DEBA80D004AA80F /* Base */ = {isa = PBXFileReference; lastKnownFileType = file.storyboard; name = Base; path = Base.lproj/LaunchScreen.storyboard; sourceTree = "<group>"; };
		4D57E5A01DEBA80D004AA80F /* Info.plist */ = {isa = PBXFileReference; lastKnownFileType = text.plist.xml; path = Info.plist; sourceTree = "<group>"; };
		4D9762221DF47C6600B185AB /* music.mp3 */ = {isa = PBXFileReference; lastKnownFileType = audio.mp3; path = music.mp3; sourceTree = "<group>"; };
		4D9762241DF47CB200B185AB /* music.png */ = {isa = PBXFileReference; lastKnownFileType = image.png; path = music.png; sourceTree = "<group>"; };
		4D994E5E1DECDB010097D96C /* pokemon.csv */ = {isa = PBXFileReference; fileEncoding = 4; lastKnownFileType = text; path = pokemon.csv; sourceTree = "<group>"; };
		4D994E601DECDC510097D96C /* Pokemom.swift */ = {isa = PBXFileReference; fileEncoding = 4; lastKnownFileType = sourcecode.swift; path = Pokemom.swift; sourceTree = "<group>"; };
		4DEC31F91DF4834A00055C17 /* pokemon.mp3 */ = {isa = PBXFileReference; lastKnownFileType = audio.mp3; path = pokemon.mp3; sourceTree = "<group>"; };
		4DEC31FB1DF4906900055C17 /* PokemonDetailVC.swift */ = {isa = PBXFileReference; fileEncoding = 4; lastKnownFileType = sourcecode.swift; path = PokemonDetailVC.swift; sourceTree = "<group>"; };
		4DFC62FA1DF4709200C9B6ED /* csv.swift */ = {isa = PBXFileReference; fileEncoding = 4; lastKnownFileType = sourcecode.swift; path = csv.swift; sourceTree = "<group>"; };
/* End PBXFileReference section */

/* Begin PBXFrameworksBuildPhase section */
		4D57E58E1DEBA80C004AA80F /* Frameworks */ = {
			isa = PBXFrameworksBuildPhase;
			buildActionMask = 2147483647;
			files = (
			);
			runOnlyForDeploymentPostprocessing = 0;
		};
/* End PBXFrameworksBuildPhase section */

/* Begin PBXGroup section */
		4D020FAF1DF32033007E148A /* View */ = {
			isa = PBXGroup;
			children = (
				4D57E5981DEBA80D004AA80F /* Main.storyboard */,
				4DEC31FB1DF4906900055C17 /* PokemonDetailVC.swift */,
				4D020FB01DF3204F007E148A /* PokeCell.swift */,
			);
			name = View;
			sourceTree = "<group>";
		};
		4D509FBF1DF47ACC0064B73B /* Controller */ = {
			isa = PBXGroup;
			children = (
				4D57E5961DEBA80D004AA80F /* ViewController.swift */,
			);
			name = Controller;
			sourceTree = "<group>";
		};
		4D509FC01DF47AD80064B73B /* Resources */ = {
			isa = PBXGroup;
			children = (
				4D994E5E1DECDB010097D96C /* pokemon.csv */,
				4D509FBD1DF47A8D0064B73B /* pokemon.ttf */,
			);
			name = Resources;
			sourceTree = "<group>";
		};
		4D509FC11DF47AF20064B73B /* Utilities */ = {
			isa = PBXGroup;
			children = (
				4DFC62FA1DF4709200C9B6ED /* csv.swift */,
			);
			name = Utilities;
			sourceTree = "<group>";
		};
		4D57E5881DEBA80C004AA80F = {
			isa = PBXGroup;
			children = (
				4D57E5931DEBA80D004AA80F /* Pokedex3 */,
				4D57E5921DEBA80D004AA80F /* Products */,
			);
			sourceTree = "<group>";
		};
		4D57E5921DEBA80D004AA80F /* Products */ = {
			isa = PBXGroup;
			children = (
				4D57E5911DEBA80D004AA80F /* Pokedex3.app */,
			);
			name = Products;
			sourceTree = "<group>";
		};
		4D57E5931DEBA80D004AA80F /* Pokedex3 */ = {
			isa = PBXGroup;
			children = (
				4D994E621DECDC560097D96C /* Model */,
				4D020FAF1DF32033007E148A /* View */,
				4D509FBF1DF47ACC0064B73B /* Controller */,
				4D509FC01DF47AD80064B73B /* Resources */,
				4D509FC11DF47AF20064B73B /* Utilities */,
				4D57E5941DEBA80D004AA80F /* AppDelegate.swift */,
				4DEC31F91DF4834A00055C17 /* pokemon.mp3 */,
				4D9762221DF47C6600B185AB /* music.mp3 */,
				4D9762241DF47CB200B185AB /* music.png */,
				4D57E59B1DEBA80D004AA80F /* Assets.xcassets */,
				4D57E59D1DEBA80D004AA80F /* LaunchScreen.storyboard */,
				4D57E5A01DEBA80D004AA80F /* Info.plist */,
			);
			path = Pokedex3;
			sourceTree = "<group>";
		};
		4D994E621DECDC560097D96C /* Model */ = {
			isa = PBXGroup;
			children = (
				4D994E601DECDC510097D96C /* Pokemom.swift */,
			);
			name = Model;
			sourceTree = "<group>";
		};
/* End PBXGroup section */

/* Begin PBXNativeTarget section */
		4D57E5901DEBA80C004AA80F /* Pokedex3 */ = {
			isa = PBXNativeTarget;
			buildConfigurationList = 4D57E5A31DEBA80D004AA80F /* Build configuration list for PBXNativeTarget "Pokedex3" */;
			buildPhases = (
				4D57E58D1DEBA80C004AA80F /* Sources */,
				4D57E58E1DEBA80C004AA80F /* Frameworks */,
				4D57E58F1DEBA80C004AA80F /* Resources */,
			);
			buildRules = (
			);
			dependencies = (
			);
			name = Pokedex3;
			productName = Pokedex3;
			productReference = 4D57E5911DEBA80D004AA80F /* Pokedex3.app */;
			productType = "com.apple.product-type.application";
		};
/* End PBXNativeTarget section */

/* Begin PBXProject section */
		4D57E5891DEBA80C004AA80F /* Project object */ = {
			isa = PBXProject;
			attributes = {
				LastSwiftUpdateCheck = 0810;
				LastUpgradeCheck = 0810;
				ORGANIZATIONNAME = "Harris Zacharis";
				TargetAttributes = {
					4D57E5901DEBA80C004AA80F = {
						CreatedOnToolsVersion = 8.1;
						DevelopmentTeam = DGCD6MCFQ5;
						LastSwiftMigration = 0810;
						ProvisioningStyle = Automatic;
					};
				};
			};
			buildConfigurationList = 4D57E58C1DEBA80C004AA80F /* Build configuration list for PBXProject "Pokedex3" */;
			compatibilityVersion = "Xcode 3.2";
			developmentRegion = English;
			hasScannedForEncodings = 0;
			knownRegions = (
				en,
				Base,
			);
			mainGroup = 4D57E5881DEBA80C004AA80F;
			productRefGroup = 4D57E5921DEBA80D004AA80F /* Products */;
			projectDirPath = "";
			projectRoot = "";
			targets = (
				4D57E5901DEBA80C004AA80F /* Pokedex3 */,
			);
		};
/* End PBXProject section */

/* Begin PBXResourcesBuildPhase section */
		4D57E58F1DEBA80C004AA80F /* Resources */ = {
			isa = PBXResourcesBuildPhase;
			buildActionMask = 2147483647;
			files = (
				4D509FBE1DF47A8D0064B73B /* pokemon.ttf in Resources */,
				4D9762251DF47CB200B185AB /* music.png in Resources */,
				4DEC31FA1DF4834A00055C17 /* pokemon.mp3 in Resources */,
				4D57E59F1DEBA80D004AA80F /* LaunchScreen.storyboard in Resources */,
				4D9762231DF47C6600B185AB /* music.mp3 in Resources */,
				4D57E59C1DEBA80D004AA80F /* Assets.xcassets in Resources */,
				4D994E5F1DECDB010097D96C /* pokemon.csv in Resources */,
				4D57E59A1DEBA80D004AA80F /* Main.storyboard in Resources */,
			);
			runOnlyForDeploymentPostprocessing = 0;
		};
/* End PBXResourcesBuildPhase section */

/* Begin PBXSourcesBuildPhase section */
		4D57E58D1DEBA80C004AA80F /* Sources */ = {
			isa = PBXSourcesBuildPhase;
			buildActionMask = 2147483647;
			files = (
				4D020FB11DF3204F007E148A /* PokeCell.swift in Sources */,
				4D57E5971DEBA80D004AA80F /* ViewController.swift in Sources */,
				4D57E5951DEBA80D004AA80F /* AppDelegate.swift in Sources */,
				4DEC31FC1DF4906900055C17 /* PokemonDetailVC.swift in Sources */,
				4D994E611DECDC510097D96C /* Pokemom.swift in Sources */,
				4DFC62FB1DF4709200C9B6ED /* csv.swift in Sources */,
			);
			runOnlyForDeploymentPostprocessing = 0;
		};
/* End PBXSourcesBuildPhase section */

/* Begin PBXVariantGroup section */
		4D57E5981DEBA80D004AA80F /* Main.storyboard */ = {
			isa = PBXVariantGroup;
			children = (
				4D57E5991DEBA80D004AA80F /* Base */,
			);
			name = Main.storyboard;
			sourceTree = "<group>";
		};
		4D57E59D1DEBA80D004AA80F /* LaunchScreen.storyboard */ = {
			isa = PBXVariantGroup;
			children = (
				4D57E59E1DEBA80D004AA80F /* Base */,
			);
			name = LaunchScreen.storyboard;
			sourceTree = "<group>";
		};
/* End PBXVariantGroup section */

/* Begin XCBuildConfiguration section */
		4D57E5A11DEBA80D004AA80F /* Debug */ = {
			isa = XCBuildConfiguration;
			buildSettings = {
				ALWAYS_SEARCH_USER_PATHS = NO;
				CLANG_ANALYZER_NONNULL = YES;
				CLANG_CXX_LANGUAGE_STANDARD = "gnu++0x";
				CLANG_CXX_LIBRARY = "libc++";
				CLANG_ENABLE_MODULES = YES;
				CLANG_ENABLE_OBJC_ARC = YES;
				CLANG_WARN_BOOL_CONVERSION = YES;
				CLANG_WARN_CONSTANT_CONVERSION = YES;
				CLANG_WARN_DIRECT_OBJC_ISA_USAGE = YES_ERROR;
				CLANG_WARN_DOCUMENTATION_COMMENTS = YES;
				CLANG_WARN_EMPTY_BODY = YES;
				CLANG_WARN_ENUM_CONVERSION = YES;
				CLANG_WARN_INFINITE_RECURSION = YES;
				CLANG_WARN_INT_CONVERSION = YES;
				CLANG_WARN_OBJC_ROOT_CLASS = YES_ERROR;
				CLANG_WARN_SUSPICIOUS_MOVES = YES;
				CLANG_WARN_UNREACHABLE_CODE = YES;
				CLANG_WARN__DUPLICATE_METHOD_MATCH = YES;
				"CODE_SIGN_IDENTITY[sdk=iphoneos*]" = "iPhone Developer";
				COPY_PHASE_STRIP = NO;
				DEBUG_INFORMATION_FORMAT = dwarf;
				ENABLE_STRICT_OBJC_MSGSEND = YES;
				ENABLE_TESTABILITY = YES;
				GCC_C_LANGUAGE_STANDARD = gnu99;
				GCC_DYNAMIC_NO_PIC = NO;
				GCC_NO_COMMON_BLOCKS = YES;
				GCC_OPTIMIZATION_LEVEL = 0;
				GCC_PREPROCESSOR_DEFINITIONS = (
					"DEBUG=1",
					"$(inherited)",
				);
				GCC_WARN_64_TO_32_BIT_CONVERSION = YES;
				GCC_WARN_ABOUT_RETURN_TYPE = YES_ERROR;
				GCC_WARN_UNDECLARED_SELECTOR = YES;
				GCC_WARN_UNINITIALIZED_AUTOS = YES_AGGRESSIVE;
				GCC_WARN_UNUSED_FUNCTION = YES;
				GCC_WARN_UNUSED_VARIABLE = YES;
				IPHONEOS_DEPLOYMENT_TARGET = 10.1;
				MTL_ENABLE_DEBUG_INFO = YES;
				ONLY_ACTIVE_ARCH = YES;
				SDKROOT = iphoneos;
				SWIFT_ACTIVE_COMPILATION_CONDITIONS = DEBUG;
				SWIFT_OPTIMIZATION_LEVEL = "-Onone";
			};
			name = Debug;
		};
		4D57E5A21DEBA80D004AA80F /* Release */ = {
			isa = XCBuildConfiguration;
			buildSettings = {
				ALWAYS_SEARCH_USER_PATHS = NO;
				CLANG_ANALYZER_NONNULL = YES;
				CLANG_CXX_LANGUAGE_STANDARD = "gnu++0x";
				CLANG_CXX_LIBRARY = "libc++";
				CLANG_ENABLE_MODULES = YES;
				CLANG_ENABLE_OBJC_ARC = YES;
				CLANG_WARN_BOOL_CONVERSION = YES;
				CLANG_WARN_CONSTANT_CONVERSION = YES;
				CLANG_WARN_DIRECT_OBJC_ISA_USAGE = YES_ERROR;
				CLANG_WARN_DOCUMENTATION_COMMENTS = YES;
				CLANG_WARN_EMPTY_BODY = YES;
				CLANG_WARN_ENUM_CONVERSION = YES;
				CLANG_WARN_INFINITE_RECURSION = YES;
				CLANG_WARN_INT_CONVERSION = YES;
				CLANG_WARN_OBJC_ROOT_CLASS = YES_ERROR;
				CLANG_WARN_SUSPICIOUS_MOVES = YES;
				CLANG_WARN_UNREACHABLE_CODE = YES;
				CLANG_WARN__DUPLICATE_METHOD_MATCH = YES;
				"CODE_SIGN_IDENTITY[sdk=iphoneos*]" = "iPhone Developer";
				COPY_PHASE_STRIP = NO;
				DEBUG_INFORMATION_FORMAT = "dwarf-with-dsym";
				ENABLE_NS_ASSERTIONS = NO;
				ENABLE_STRICT_OBJC_MSGSEND = YES;
				GCC_C_LANGUAGE_STANDARD = gnu99;
				GCC_NO_COMMON_BLOCKS = YES;
				GCC_WARN_64_TO_32_BIT_CONVERSION = YES;
				GCC_WARN_ABOUT_RETURN_TYPE = YES_ERROR;
				GCC_WARN_UNDECLARED_SELECTOR = YES;
				GCC_WARN_UNINITIALIZED_AUTOS = YES_AGGRESSIVE;
				GCC_WARN_UNUSED_FUNCTION = YES;
				GCC_WARN_UNUSED_VARIABLE = YES;
				IPHONEOS_DEPLOYMENT_TARGET = 10.1;
				MTL_ENABLE_DEBUG_INFO = NO;
				SDKROOT = iphoneos;
				SWIFT_OPTIMIZATION_LEVEL = "-Owholemodule";
				VALIDATE_PRODUCT = YES;
			};
			name = Release;
		};
		4D57E5A41DEBA80D004AA80F /* Debug */ = {
			isa = XCBuildConfiguration;
			buildSettings = {
				ASSETCATALOG_COMPILER_APPICON_NAME = AppIcon;
				DEVELOPMENT_TEAM = DGCD6MCFQ5;
				INFOPLIST_FILE = Pokedex3/Info.plist;
				LD_RUNPATH_SEARCH_PATHS = "$(inherited) @executable_path/Frameworks";
				PRODUCT_BUNDLE_IDENTIFIER = com.zacharisharris.Pokedex3;
				PRODUCT_NAME = "$(TARGET_NAME)";
				SWIFT_VERSION = 3.0;
			};
			name = Debug;
		};
		4D57E5A51DEBA80D004AA80F /* Release */ = {
			isa = XCBuildConfiguration;
			buildSettings = {
				ASSETCATALOG_COMPILER_APPICON_NAME = AppIcon;
				DEVELOPMENT_TEAM = DGCD6MCFQ5;
				INFOPLIST_FILE = Pokedex3/Info.plist;
				LD_RUNPATH_SEARCH_PATHS = "$(inherited) @executable_path/Frameworks";
				PRODUCT_BUNDLE_IDENTIFIER = com.zacharisharris.Pokedex3;
				PRODUCT_NAME = "$(TARGET_NAME)";
				SWIFT_VERSION = 3.0;
			};
			name = Release;
		};
/* End XCBuildConfiguration section */

/* Begin XCConfigurationList section */
		4D57E58C1DEBA80C004AA80F /* Build configuration list for PBXProject "Pokedex3" */ = {
			isa = XCConfigurationList;
			buildConfigurations = (
				4D57E5A11DEBA80D004AA80F /* Debug */,
				4D57E5A21DEBA80D004AA80F /* Release */,
			);
			defaultConfigurationIsVisible = 0;
			defaultConfigurationName = Release;
		};
		4D57E5A31DEBA80D004AA80F /* Build configuration list for PBXNativeTarget "Pokedex3" */ = {
			isa = XCConfigurationList;
			buildConfigurations = (
				4D57E5A41DEBA80D004AA80F /* Debug */,
				4D57E5A51DEBA80D004AA80F /* Release */,
			);
			defaultConfigurationIsVisible = 0;
			defaultConfigurationName = Release;
		};
/* End XCConfigurationList section */
	};
	rootObject = 4D57E5891DEBA80C004AA80F /* Project object */;
}
